
Microsoft Visual Studio Solution File, Format Version 12.00
# Visual Studio Version 16
VisualStudioVersion = 16.0.31729.503
MinimumVisualStudioVersion = 10.0.40219.1
Project("{8BC9CEB8-8B4A-11D0-8D11-00A0C91BC942}") = "Minibus", "Minibus.vcxproj", "{26528362-EC9F-4AF2-969A-AD1A53F55017}"
EndProject
Global
	GlobalSection(SolutionConfigurationPlatforms) = preSolution
		Debug|x64 = Debug|x64
		Debug|x86 = Debug|x86
		Release|x64 = Release|x64
		Release|x86 = Release|x86
	EndGlobalSection
	GlobalSection(ProjectConfigurationPlatforms) = postSolution
		{26528362-EC9F-4AF2-969A-AD1A53F55017}.Debug|x64.ActiveCfg = Debug|x64
		{26528362-EC9F-4AF2-969A-AD1A53F55017}.Debug|x64.Build.0 = Debug|x64
		{26528362-EC9F-4AF2-969A-AD1A53F55017}.Debug|x86.ActiveCfg = Debug|Win32
		{26528362-EC9F-4AF2-969A-AD1A53F55017}.Debug|x86.Build.0 = Debug|Win32
		{26528362-EC9F-4AF2-969A-AD1A53F55017}.Release|x64.ActiveCfg = Release|x64
		{26528362-EC9F-4AF2-969A-AD1A53F55017}.Release|x64.Build.0 = Release|x64
		{26528362-EC9F-4AF2-969A-AD1A53F55017}.Release|x86.ActiveCfg = Release|Win32
		{26528362-EC9F-4AF2-969A-AD1A53F55017}.Release|x86.Build.0 = Release|Win32
	EndGlobalSection
	GlobalSection(SolutionProperties) = preSolution
		HideSolutionNode = FALSE
	EndGlobalSection
	GlobalSection(ExtensibilityGlobals) = postSolution
		SolutionGuid = {BCA06DAE-B599-4771-A1FB-7E4654541C36}
	EndGlobalSection
EndGlobal
