
Microsoft Visual Studio Solution File, Format Version 12.00
# Visual Studio Version 16
VisualStudioVersion = 16.0.31613.86
MinimumVisualStudioVersion = 10.0.40219.1
Project("{8BC9CEB8-8B4A-11D0-8D11-00A0C91BC942}") = "minibus", "minibus\minibus.vcxproj", "{A70C6A1C-18BA-4B29-B298-1440DFB4EE39}"
EndProject
Global
	GlobalSection(SolutionConfigurationPlatforms) = preSolution
		Debug|x64 = Debug|x64
		Debug|x86 = Debug|x86
		Release|x64 = Release|x64
		Release|x86 = Release|x86
	EndGlobalSection
	GlobalSection(ProjectConfigurationPlatforms) = postSolution
		{A70C6A1C-18BA-4B29-B298-1440DFB4EE39}.Debug|x64.ActiveCfg = Debug|x64
		{A70C6A1C-18BA-4B29-B298-1440DFB4EE39}.Debug|x64.Build.0 = Debug|x64
		{A70C6A1C-18BA-4B29-B298-1440DFB4EE39}.Debug|x86.ActiveCfg = Debug|Win32
		{A70C6A1C-18BA-4B29-B298-1440DFB4EE39}.Debug|x86.Build.0 = Debug|Win32
		{A70C6A1C-18BA-4B29-B298-1440DFB4EE39}.Release|x64.ActiveCfg = Release|x64
		{A70C6A1C-18BA-4B29-B298-1440DFB4EE39}.Release|x64.Build.0 = Release|x64
		{A70C6A1C-18BA-4B29-B298-1440DFB4EE39}.Release|x86.ActiveCfg = Release|Win32
		{A70C6A1C-18BA-4B29-B298-1440DFB4EE39}.Release|x86.Build.0 = Release|Win32
	EndGlobalSection
	GlobalSection(SolutionProperties) = preSolution
		HideSolutionNode = FALSE
	EndGlobalSection
	GlobalSection(ExtensibilityGlobals) = postSolution
		SolutionGuid = {AC845884-4293-4817-A37A-E1C119A916F9}
	EndGlobalSection
EndGlobal
